
Microsoft Visual Studio Solution File, Format Version 12.00
# Visual Studio Version 16
VisualStudioVersion = 16.0.31205.134
MinimumVisualStudioVersion = 10.0.40219.1
Project("{FAE04EC0-301F-11D3-BF4B-00C04F79EFBC}") = "ReflectionDemoProject", "ReflectionDemoProject\ReflectionDemoProject.csproj", "{8C42E687-BDA2-4378-8927-C8C2CCC43B5A}"
EndProject
Project("{FAE04EC0-301F-11D3-BF4B-00C04F79EFBC}") = "AnnotationsDemo", "AnnotationsDemo\AnnotationsDemo.csproj", "{60D94263-1A6C-4057-AEBB-7ADDA89E2149}"
EndProject
Project("{FAE04EC0-301F-11D3-BF4B-00C04F79EFBC}") = "GarbageCollectionDemo", "GarbageCollectionDemo\GarbageCollectionDemo.csproj", "{FF7612D9-2AB6-4E96-957F-AB85D1373EAE}"
EndProject
Global
	GlobalSection(SolutionConfigurationPlatforms) = preSolution
		Debug|Any CPU = Debug|Any CPU
		Release|Any CPU = Release|Any CPU
	EndGlobalSection
	GlobalSection(ProjectConfigurationPlatforms) = postSolution
		{8C42E687-BDA2-4378-8927-C8C2CCC43B5A}.Debug|Any CPU.ActiveCfg = Debug|Any CPU
		{8C42E687-BDA2-4378-8927-C8C2CCC43B5A}.Debug|Any CPU.Build.0 = Debug|Any CPU
		{8C42E687-BDA2-4378-8927-C8C2CCC43B5A}.Release|Any CPU.ActiveCfg = Release|Any CPU
		{8C42E687-BDA2-4378-8927-C8C2CCC43B5A}.Release|Any CPU.Build.0 = Release|Any CPU
		{60D94263-1A6C-4057-AEBB-7ADDA89E2149}.Debug|Any CPU.ActiveCfg = Debug|Any CPU
		{60D94263-1A6C-4057-AEBB-7ADDA89E2149}.Debug|Any CPU.Build.0 = Debug|Any CPU
		{60D94263-1A6C-4057-AEBB-7ADDA89E2149}.Release|Any CPU.ActiveCfg = Release|Any CPU
		{60D94263-1A6C-4057-AEBB-7ADDA89E2149}.Release|Any CPU.Build.0 = Release|Any CPU
		{FF7612D9-2AB6-4E96-957F-AB85D1373EAE}.Debug|Any CPU.ActiveCfg = Debug|Any CPU
		{FF7612D9-2AB6-4E96-957F-AB85D1373EAE}.Debug|Any CPU.Build.0 = Debug|Any CPU
		{FF7612D9-2AB6-4E96-957F-AB85D1373EAE}.Release|Any CPU.ActiveCfg = Release|Any CPU
		{FF7612D9-2AB6-4E96-957F-AB85D1373EAE}.Release|Any CPU.Build.0 = Release|Any CPU
	EndGlobalSection
	GlobalSection(SolutionProperties) = preSolution
		HideSolutionNode = FALSE
	EndGlobalSection
	GlobalSection(ExtensibilityGlobals) = postSolution
		SolutionGuid = {2618A4C9-41E0-47FD-848C-77A852509DE1}
	EndGlobalSection
EndGlobal
